
Microsoft Visual Studio Solution File, Format Version 11.00
# Visual Studio 2010
Project("{FAE04EC0-301F-11D3-BF4B-00C04F79EFBC}") = "HC.DataAccess", "HC.DataAccess.csproj", "{f52c683e-5c93-f21c-702b-ed6337dc231a}"
EndProject
Project("{FAE04EC0-301F-11D3-BF4B-00C04F79EFBC}") = "HC.Core", "HC.Core.csproj", "{f872c9b6-2b53-fb55-683c-aa9c7ad273d9}"
EndProject
Project("{FAE04EC0-301F-11D3-BF4B-00C04F79EFBC}") = "HC.DiInstaller", "HC.DiInstaller.csproj", "{3282ce45-392f-55c5-557b-969ac289601b}"
EndProject
Project("{FAE04EC0-301F-11D3-BF4B-00C04F79EFBC}") = "HC.Interfaces", "HC.Interfaces.csproj", "{8eb19ca6-9acc-c1ba-5bc8-831d5043e010}"
EndProject
Project("{FAE04EC0-301F-11D3-BF4B-00C04F79EFBC}") = "UI", "UI.csproj", "{c034d5fe-908a-d707-cdb9-892cd23094a0}"
EndProject
Global
	GlobalSection(SolutionConfigurationPlatforms) = preSolution
		Debug|Any CPU = Debug|Any CPU
		Release|Any CPU = Release|Any CPU
	EndGlobalSection
	GlobalSection(ProjectConfigurationPlatforms) = postSolution
		{f52c683e-5c93-f21c-702b-ed6337dc231a}.Debug|Any CPU.ActiveCfg = Debug|Any CPU
		{f52c683e-5c93-f21c-702b-ed6337dc231a}.Debug|Any CPU.Build.0 = Debug|Any CPU
		{f52c683e-5c93-f21c-702b-ed6337dc231a}.Release|Any CPU.ActiveCfg = Release|Any CPU
		{f52c683e-5c93-f21c-702b-ed6337dc231a}.Release|Any CPU.Build.0 = Release|Any CPU
		{f872c9b6-2b53-fb55-683c-aa9c7ad273d9}.Debug|Any CPU.ActiveCfg = Debug|Any CPU
		{f872c9b6-2b53-fb55-683c-aa9c7ad273d9}.Debug|Any CPU.Build.0 = Debug|Any CPU
		{f872c9b6-2b53-fb55-683c-aa9c7ad273d9}.Release|Any CPU.ActiveCfg = Release|Any CPU
		{f872c9b6-2b53-fb55-683c-aa9c7ad273d9}.Release|Any CPU.Build.0 = Release|Any CPU
		{3282ce45-392f-55c5-557b-969ac289601b}.Debug|Any CPU.ActiveCfg = Debug|Any CPU
		{3282ce45-392f-55c5-557b-969ac289601b}.Debug|Any CPU.Build.0 = Debug|Any CPU
		{3282ce45-392f-55c5-557b-969ac289601b}.Release|Any CPU.ActiveCfg = Release|Any CPU
		{3282ce45-392f-55c5-557b-969ac289601b}.Release|Any CPU.Build.0 = Release|Any CPU
		{8eb19ca6-9acc-c1ba-5bc8-831d5043e010}.Debug|Any CPU.ActiveCfg = Debug|Any CPU
		{8eb19ca6-9acc-c1ba-5bc8-831d5043e010}.Debug|Any CPU.Build.0 = Debug|Any CPU
		{8eb19ca6-9acc-c1ba-5bc8-831d5043e010}.Release|Any CPU.ActiveCfg = Release|Any CPU
		{8eb19ca6-9acc-c1ba-5bc8-831d5043e010}.Release|Any CPU.Build.0 = Release|Any CPU
		{c034d5fe-908a-d707-cdb9-892cd23094a0}.Debug|Any CPU.ActiveCfg = Debug|Any CPU
		{c034d5fe-908a-d707-cdb9-892cd23094a0}.Debug|Any CPU.Build.0 = Debug|Any CPU
		{c034d5fe-908a-d707-cdb9-892cd23094a0}.Release|Any CPU.ActiveCfg = Release|Any CPU
		{c034d5fe-908a-d707-cdb9-892cd23094a0}.Release|Any CPU.Build.0 = Release|Any CPU
	EndGlobalSection
	GlobalSection(SolutionProperties) = preSolution
		HideSolutionNode = FALSE
	EndGlobalSection
EndGlobal
